
Microsoft Visual Studio Solution File, Format Version 12.00
# Visual Studio Version 17
VisualStudioVersion = 17.14.36915.13 d17.14
MinimumVisualStudioVersion = 10.0.40219.1
Project("{8BC9CEB8-8B4A-11D0-8D11-00A0C91BC942}") = "Week 8 - Inheritance", "Week 8 - Inheritance\Week 8 - Inheritance.vcxproj", "{C62EB637-F226-4848-BC44-17872153FA87}"
EndProject
Global
	GlobalSection(SolutionConfigurationPlatforms) = preSolution
		Debug|x64 = Debug|x64
		Debug|x86 = Debug|x86
		Release|x64 = Release|x64
		Release|x86 = Release|x86
	EndGlobalSection
	GlobalSection(ProjectConfigurationPlatforms) = postSolution
		{C62EB637-F226-4848-BC44-17872153FA87}.Debug|x64.ActiveCfg = Debug|x64
		{C62EB637-F226-4848-BC44-17872153FA87}.Debug|x64.Build.0 = Debug|x64
		{C62EB637-F226-4848-BC44-17872153FA87}.Debug|x86.ActiveCfg = Debug|Win32
		{C62EB637-F226-4848-BC44-17872153FA87}.Debug|x86.Build.0 = Debug|Win32
		{C62EB637-F226-4848-BC44-17872153FA87}.Release|x64.ActiveCfg = Release|x64
		{C62EB637-F226-4848-BC44-17872153FA87}.Release|x64.Build.0 = Release|x64
		{C62EB637-F226-4848-BC44-17872153FA87}.Release|x86.ActiveCfg = Release|Win32
		{C62EB637-F226-4848-BC44-17872153FA87}.Release|x86.Build.0 = Release|Win32
	EndGlobalSection
	GlobalSection(SolutionProperties) = preSolution
		HideSolutionNode = FALSE
	EndGlobalSection
	GlobalSection(ExtensibilityGlobals) = postSolution
		SolutionGuid = {2A300179-0FD4-4598-9106-EFCFBF55F0BD}
	EndGlobalSection
EndGlobal
